{
  "requires": true,
  "lockfileVersion": 1,
  "dependencies": {
    "ios-deploy": {
      "version": "1.10.0-beta.3",
      "resolved": "https://registry.npmjs.org/ios-deploy/-/ios-deploy-1.10.0-beta.3.tgz",
      "integrity": "sha512-yd9dw5BRDj3ZwrPVNKRPmzcc6Dm46RdYwrhJJ2fDiHv3Dhs/yyq4JXeAWYE8wb0MvJ4nclKUEhDECDrJCCKdog=="
    }
  }
}
